
Microsoft Visual Studio Solution File, Format Version 12.00
# Visual Studio 15
VisualStudioVersion = 15.0.34829.251
MinimumVisualStudioVersion = 10.0.40219.1
Project("{FAE04EC0-301F-11D3-BF4B-00C04F79EFBC}") = "EmployeeDeptWebAPIDemo", "EmployeeDeptWebAPIDemo\EmployeeDeptWebAPIDemo.csproj", "{3BC0A8CA-6A86-4274-BB78-5DED1BCAEFB7}"
EndProject
Global
	GlobalSection(SolutionConfigurationPlatforms) = preSolution
		Debug|Any CPU = Debug|Any CPU
		Release|Any CPU = Release|Any CPU
	EndGlobalSection
	GlobalSection(ProjectConfigurationPlatforms) = postSolution
		{3BC0A8CA-6A86-4274-BB78-5DED1BCAEFB7}.Debug|Any CPU.ActiveCfg = Debug|Any CPU
		{3BC0A8CA-6A86-4274-BB78-5DED1BCAEFB7}.Debug|Any CPU.Build.0 = Debug|Any CPU
		{3BC0A8CA-6A86-4274-BB78-5DED1BCAEFB7}.Release|Any CPU.ActiveCfg = Release|Any CPU
		{3BC0A8CA-6A86-4274-BB78-5DED1BCAEFB7}.Release|Any CPU.Build.0 = Release|Any CPU
	EndGlobalSection
	GlobalSection(SolutionProperties) = preSolution
		HideSolutionNode = FALSE
	EndGlobalSection
	GlobalSection(ExtensibilityGlobals) = postSolution
		SolutionGuid = {266D0DE1-83F0-44C7-9314-216E33DD06CC}
	EndGlobalSection
EndGlobal
